// !$*UTF8*$!
{
	archiveVersion = 1;
	classes = {
	};
	objectVersion = 46;
	objects = {

/* Begin PBXBuildFile section */
		AD6E89C61AE12A49003623AF /* InputComponent.m in Sources */ = {isa = PBXBuildFile; fileRef = AD6E89C51AE12A49003623AF /* InputComponent.m */; };
		AD700DDD1ADDF92B0088C4E4 /* main.m in Sources */ = {isa = PBXBuildFile; fileRef = AD700DDC1ADDF92B0088C4E4 /* main.m */; };
		AD700DE01ADDF92B0088C4E4 /* AppDelegate.m in Sources */ = {isa = PBXBuildFile; fileRef = AD700DDF1ADDF92B0088C4E4 /* AppDelegate.m */; };
		AD700DE31ADDF92B0088C4E4 /* FirstViewController.m in Sources */ = {isa = PBXBuildFile; fileRef = AD700DE21ADDF92B0088C4E4 /* FirstViewController.m */; };
		AD700DE61ADDF92B0088C4E4 /* SecondViewController.m in Sources */ = {isa = PBXBuildFile; fileRef = AD700DE51ADDF92B0088C4E4 /* SecondViewController.m */; };
		AD700DE91ADDF92B0088C4E4 /* Main.storyboard in Resources */ = {isa = PBXBuildFile; fileRef = AD700DE71ADDF92B0088C4E4 /* Main.storyboard */; };
		AD700DEB1ADDF92B0088C4E4 /* Images.xcassets in Resources */ = {isa = PBXBuildFile; fileRef = AD700DEA1ADDF92B0088C4E4 /* Images.xcassets */; };
		AD700DEE1ADDF92B0088C4E4 /* LaunchScreen.xib in Resources */ = {isa = PBXBuildFile; fileRef = AD700DEC1ADDF92B0088C4E4 /* LaunchScreen.xib */; };
		AD700DFA1ADDF92B0088C4E4 /* BluetoothBarcodeAppTests.m in Sources */ = {isa = PBXBuildFile; fileRef = AD700DF91ADDF92B0088C4E4 /* BluetoothBarcodeAppTests.m */; };
		AD700E3C1ADE2FF30088C4E4 /* DetailViewController.m in Sources */ = {isa = PBXBuildFile; fileRef = AD700E391ADE2FF30088C4E4 /* DetailViewController.m */; };
		AD700E3D1ADE2FF30088C4E4 /* MasterViewController.m in Sources */ = {isa = PBXBuildFile; fileRef = AD700E3B1ADE2FF30088C4E4 /* MasterViewController.m */; };
		AD950A8E1ADE8832000E7F06 /* FMDatabase.m in Sources */ = {isa = PBXBuildFile; fileRef = AD950A841ADE8832000E7F06 /* FMDatabase.m */; };
		AD950A8F1ADE8832000E7F06 /* FMDatabaseAdditions.m in Sources */ = {isa = PBXBuildFile; fileRef = AD950A861ADE8832000E7F06 /* FMDatabaseAdditions.m */; };
		AD950A901ADE8832000E7F06 /* FMDatabasePool.m in Sources */ = {isa = PBXBuildFile; fileRef = AD950A881ADE8832000E7F06 /* FMDatabasePool.m */; };
		AD950A911ADE8832000E7F06 /* FMDatabaseQueue.m in Sources */ = {isa = PBXBuildFile; fileRef = AD950A8A1ADE8832000E7F06 /* FMDatabaseQueue.m */; };
		AD950A921ADE8832000E7F06 /* FMResultSet.m in Sources */ = {isa = PBXBuildFile; fileRef = AD950A8D1ADE8832000E7F06 /* FMResultSet.m */; };
		AD950A941ADE8946000E7F06 /* libsqlite3.0.dylib in Frameworks */ = {isa = PBXBuildFile; fileRef = AD950A931ADE8946000E7F06 /* libsqlite3.0.dylib */; };
/* End PBXBuildFile section */

/* Begin PBXContainerItemProxy section */
		AD700DF41ADDF92B0088C4E4 /* PBXContainerItemProxy */ = {
			isa = PBXContainerItemProxy;
			containerPortal = AD700DCF1ADDF92B0088C4E4 /* Project object */;
			proxyType = 1;
			remoteGlobalIDString = AD700DD61ADDF92B0088C4E4;
			remoteInfo = BluetoothBarcodeApp;
		};
/* End PBXContainerItemProxy section */

/* Begin PBXFileReference section */
		AD6E89C41AE12A49003623AF /* InputComponent.h */ = {isa = PBXFileReference; fileEncoding = 4; lastKnownFileType = sourcecode.c.h; path = InputComponent.h; sourceTree = "<group>"; };
		AD6E89C51AE12A49003623AF /* InputComponent.m */ = {isa = PBXFileReference; fileEncoding = 4; lastKnownFileType = sourcecode.c.objc; path = InputComponent.m; sourceTree = "<group>"; };
		AD700DD71ADDF92B0088C4E4 /* BluetoothBarcodeApp.app */ = {isa = PBXFileReference; explicitFileType = wrapper.application; includeInIndex = 0; path = BluetoothBarcodeApp.app; sourceTree = BUILT_PRODUCTS_DIR; };
		AD700DDB1ADDF92B0088C4E4 /* Info.plist */ = {isa = PBXFileReference; lastKnownFileType = text.plist.xml; path = Info.plist; sourceTree = "<group>"; };
		AD700DDC1ADDF92B0088C4E4 /* main.m */ = {isa = PBXFileReference; lastKnownFileType = sourcecode.c.objc; path = main.m; sourceTree = "<group>"; };
		AD700DDE1ADDF92B0088C4E4 /* AppDelegate.h */ = {isa = PBXFileReference; lastKnownFileType = sourcecode.c.h; path = AppDelegate.h; sourceTree = "<group>"; };
		AD700DDF1ADDF92B0088C4E4 /* AppDelegate.m */ = {isa = PBXFileReference; lastKnownFileType = sourcecode.c.objc; path = AppDelegate.m; sourceTree = "<group>"; };
		AD700DE11ADDF92B0088C4E4 /* FirstViewController.h */ = {isa = PBXFileReference; lastKnownFileType = sourcecode.c.h; path = FirstViewController.h; sourceTree = "<group>"; };
		AD700DE21ADDF92B0088C4E4 /* FirstViewController.m */ = {isa = PBXFileReference; lastKnownFileType = sourcecode.c.objc; path = FirstViewController.m; sourceTree = "<group>"; };
		AD700DE41ADDF92B0088C4E4 /* SecondViewController.h */ = {isa = PBXFileReference; lastKnownFileType = sourcecode.c.h; path = SecondViewController.h; sourceTree = "<group>"; };
		AD700DE51ADDF92B0088C4E4 /* SecondViewController.m */ = {isa = PBXFileReference; lastKnownFileType = sourcecode.c.objc; path = SecondViewController.m; sourceTree = "<group>"; };
		AD700DE81ADDF92B0088C4E4 /* Base */ = {isa = PBXFileReference; lastKnownFileType = file.storyboard; name = Base; path = Base.lproj/Main.storyboard; sourceTree = "<group>"; };
		AD700DEA1ADDF92B0088C4E4 /* Images.xcassets */ = {isa = PBXFileReference; lastKnownFileType = folder.assetcatalog; path = Images.xcassets; sourceTree = "<group>"; };
		AD700DED1ADDF92B0088C4E4 /* Base */ = {isa = PBXFileReference; lastKnownFileType = file.xib; name = Base; path = Base.lproj/LaunchScreen.xib; sourceTree = "<group>"; };
		AD700DF31ADDF92B0088C4E4 /* BluetoothBarcodeAppTests.xctest */ = {isa = PBXFileReference; explicitFileType = wrapper.cfbundle; includeInIndex = 0; path = BluetoothBarcodeAppTests.xctest; sourceTree = BUILT_PRODUCTS_DIR; };
		AD700DF81ADDF92B0088C4E4 /* Info.plist */ = {isa = PBXFileReference; lastKnownFileType = text.plist.xml; path = Info.plist; sourceTree = "<group>"; };
		AD700DF91ADDF92B0088C4E4 /* BluetoothBarcodeAppTests.m */ = {isa = PBXFileReference; lastKnownFileType = sourcecode.c.objc; path = BluetoothBarcodeAppTests.m; sourceTree = "<group>"; };
		AD700E381ADE2FF30088C4E4 /* DetailViewController.h */ = {isa = PBXFileReference; fileEncoding = 4; lastKnownFileType = sourcecode.c.h; path = DetailViewController.h; sourceTree = "<group>"; };
		AD700E391ADE2FF30088C4E4 /* DetailViewController.m */ = {isa = PBXFileReference; fileEncoding = 4; lastKnownFileType = sourcecode.c.objc; path = DetailViewController.m; sourceTree = "<group>"; };
		AD700E3A1ADE2FF30088C4E4 /* MasterViewController.h */ = {isa = PBXFileReference; fileEncoding = 4; lastKnownFileType = sourcecode.c.h; path = MasterViewController.h; sourceTree = "<group>"; };
		AD700E3B1ADE2FF30088C4E4 /* MasterViewController.m */ = {isa = PBXFileReference; fileEncoding = 4; lastKnownFileType = sourcecode.c.objc; path = MasterViewController.m; sourceTree = "<group>"; };
		AD950A831ADE8832000E7F06 /* FMDatabase.h */ = {isa = PBXFileReference; fileEncoding = 4; lastKnownFileType = sourcecode.c.h; path = FMDatabase.h; sourceTree = "<group>"; };
		AD950A841ADE8832000E7F06 /* FMDatabase.m */ = {isa = PBXFileReference; fileEncoding = 4; lastKnownFileType = sourcecode.c.objc; path = FMDatabase.m; sourceTree = "<group>"; };
		AD950A851ADE8832000E7F06 /* FMDatabaseAdditions.h */ = {isa = PBXFileReference; fileEncoding = 4; lastKnownFileType = sourcecode.c.h; path = FMDatabaseAdditions.h; sourceTree = "<group>"; };
		AD950A861ADE8832000E7F06 /* FMDatabaseAdditions.m */ = {isa = PBXFileReference; fileEncoding = 4; lastKnownFileType = sourcecode.c.objc; path = FMDatabaseAdditions.m; sourceTree = "<group>"; };
		AD950A871ADE8832000E7F06 /* FMDatabasePool.h */ = {isa = PBXFileReference; fileEncoding = 4; lastKnownFileType = sourcecode.c.h; path = FMDatabasePool.h; sourceTree = "<group>"; };
		AD950A881ADE8832000E7F06 /* FMDatabasePool.m */ = {isa = PBXFileReference; fileEncoding = 4; lastKnownFileType = sourcecode.c.objc; path = FMDatabasePool.m; sourceTree = "<group>"; };
		AD950A891ADE8832000E7F06 /* FMDatabaseQueue.h */ = {isa = PBXFileReference; fileEncoding = 4; lastKnownFileType = sourcecode.c.h; path = FMDatabaseQueue.h; sourceTree = "<group>"; };
		AD950A8A1ADE8832000E7F06 /* FMDatabaseQueue.m */ = {isa = PBXFileReference; fileEncoding = 4; lastKnownFileType = sourcecode.c.objc; path = FMDatabaseQueue.m; sourceTree = "<group>"; };
		AD950A8B1ADE8832000E7F06 /* FMDB.h */ = {isa = PBXFileReference; fileEncoding = 4; lastKnownFileType = sourcecode.c.h; path = FMDB.h; sourceTree = "<group>"; };
		AD950A8C1ADE8832000E7F06 /* FMResultSet.h */ = {isa = PBXFileReference; fileEncoding = 4; lastKnownFileType = sourcecode.c.h; path = FMResultSet.h; sourceTree = "<group>"; };
		AD950A8D1ADE8832000E7F06 /* FMResultSet.m */ = {isa = PBXFileReference; fileEncoding = 4; lastKnownFileType = sourcecode.c.objc; path = FMResultSet.m; sourceTree = "<group>"; };
		AD950A931ADE8946000E7F06 /* libsqlite3.0.dylib */ = {isa = PBXFileReference; lastKnownFileType = "compiled.mach-o.dylib"; name = libsqlite3.0.dylib; path = usr/lib/libsqlite3.0.dylib; sourceTree = SDKROOT; };
/* End PBXFileReference section */

/* Begin PBXFrameworksBuildPhase section */
		AD700DD41ADDF92B0088C4E4 /* Frameworks */ = {
			isa = PBXFrameworksBuildPhase;
			buildActionMask = 2147483647;
			files = (
				AD950A941ADE8946000E7F06 /* libsqlite3.0.dylib in Frameworks */,
			);
			runOnlyForDeploymentPostprocessing = 0;
		};
		AD700DF01ADDF92B0088C4E4 /* Frameworks */ = {
			isa = PBXFrameworksBuildPhase;
			buildActionMask = 2147483647;
			files = (
			);
			runOnlyForDeploymentPostprocessing = 0;
		};
/* End PBXFrameworksBuildPhase section */

/* Begin PBXGroup section */
		AD700DCE1ADDF92B0088C4E4 = {
			isa = PBXGroup;
			children = (
				AD950A931ADE8946000E7F06 /* libsqlite3.0.dylib */,
				AD700DD91ADDF92B0088C4E4 /* BluetoothBarcodeApp */,
				AD700DF61ADDF92B0088C4E4 /* BluetoothBarcodeAppTests */,
				AD700DD81ADDF92B0088C4E4 /* Products */,
			);
			sourceTree = "<group>";
		};
		AD700DD81ADDF92B0088C4E4 /* Products */ = {
			isa = PBXGroup;
			children = (
				AD700DD71ADDF92B0088C4E4 /* BluetoothBarcodeApp.app */,
				AD700DF31ADDF92B0088C4E4 /* BluetoothBarcodeAppTests.xctest */,
			);
			name = Products;
			sourceTree = "<group>";
		};
		AD700DD91ADDF92B0088C4E4 /* BluetoothBarcodeApp */ = {
			isa = PBXGroup;
			children = (
				AD950A821ADE87EE000E7F06 /* FMDB */,
				AD700E381ADE2FF30088C4E4 /* DetailViewController.h */,
				AD700E391ADE2FF30088C4E4 /* DetailViewController.m */,
				AD700E3A1ADE2FF30088C4E4 /* MasterViewController.h */,
				AD700E3B1ADE2FF30088C4E4 /* MasterViewController.m */,
				AD700DDE1ADDF92B0088C4E4 /* AppDelegate.h */,
				AD700DDF1ADDF92B0088C4E4 /* AppDelegate.m */,
				AD700DE11ADDF92B0088C4E4 /* FirstViewController.h */,
				AD700DE21ADDF92B0088C4E4 /* FirstViewController.m */,
				AD700DE41ADDF92B0088C4E4 /* SecondViewController.h */,
				AD700DE51ADDF92B0088C4E4 /* SecondViewController.m */,
				AD700DE71ADDF92B0088C4E4 /* Main.storyboard */,
				AD700DEA1ADDF92B0088C4E4 /* Images.xcassets */,
				AD700DEC1ADDF92B0088C4E4 /* LaunchScreen.xib */,
				AD700DDA1ADDF92B0088C4E4 /* Supporting Files */,
				AD6E89C41AE12A49003623AF /* InputComponent.h */,
				AD6E89C51AE12A49003623AF /* InputComponent.m */,
			);
			path = BluetoothBarcodeApp;
			sourceTree = "<group>";
		};
		AD700DDA1ADDF92B0088C4E4 /* Supporting Files */ = {
			isa = PBXGroup;
			children = (
				AD700DDB1ADDF92B0088C4E4 /* Info.plist */,
				AD700DDC1ADDF92B0088C4E4 /* main.m */,
			);
			name = "Supporting Files";
			sourceTree = "<group>";
		};
		AD700DF61ADDF92B0088C4E4 /* BluetoothBarcodeAppTests */ = {
			isa = PBXGroup;
			children = (
				AD700DF91ADDF92B0088C4E4 /* BluetoothBarcodeAppTests.m */,
				AD700DF71ADDF92B0088C4E4 /* Supporting Files */,
			);
			path = BluetoothBarcodeAppTests;
			sourceTree = "<group>";
		};
		AD700DF71ADDF92B0088C4E4 /* Supporting Files */ = {
			isa = PBXGroup;
			children = (
				AD700DF81ADDF92B0088C4E4 /* Info.plist */,
			);
			name = "Supporting Files";
			sourceTree = "<group>";
		};
		AD950A821ADE87EE000E7F06 /* FMDB */ = {
			isa = PBXGroup;
			children = (
				AD950A831ADE8832000E7F06 /* FMDatabase.h */,
				AD950A841ADE8832000E7F06 /* FMDatabase.m */,
				AD950A851ADE8832000E7F06 /* FMDatabaseAdditions.h */,
				AD950A861ADE8832000E7F06 /* FMDatabaseAdditions.m */,
				AD950A871ADE8832000E7F06 /* FMDatabasePool.h */,
				AD950A881ADE8832000E7F06 /* FMDatabasePool.m */,
				AD950A891ADE8832000E7F06 /* FMDatabaseQueue.h */,
				AD950A8A1ADE8832000E7F06 /* FMDatabaseQueue.m */,
				AD950A8B1ADE8832000E7F06 /* FMDB.h */,
				AD950A8C1ADE8832000E7F06 /* FMResultSet.h */,
				AD950A8D1ADE8832000E7F06 /* FMResultSet.m */,
			);
			name = FMDB;
			sourceTree = "<group>";
		};
/* End PBXGroup section */

/* Begin PBXNativeTarget section */
		AD700DD61ADDF92B0088C4E4 /* BluetoothBarcodeApp */ = {
			isa = PBXNativeTarget;
			buildConfigurationList = AD700DFD1ADDF92B0088C4E4 /* Build configuration list for PBXNativeTarget "BluetoothBarcodeApp" */;
			buildPhases = (
				AD700DD31ADDF92B0088C4E4 /* Sources */,
				AD700DD41ADDF92B0088C4E4 /* Frameworks */,
				AD700DD51ADDF92B0088C4E4 /* Resources */,
			);
			buildRules = (
			);
			dependencies = (
			);
			name = BluetoothBarcodeApp;
			productName = BluetoothBarcodeApp;
			productReference = AD700DD71ADDF92B0088C4E4 /* BluetoothBarcodeApp.app */;
			productType = "com.apple.product-type.application";
		};
		AD700DF21ADDF92B0088C4E4 /* BluetoothBarcodeAppTests */ = {
			isa = PBXNativeTarget;
			buildConfigurationList = AD700E001ADDF92B0088C4E4 /* Build configuration list for PBXNativeTarget "BluetoothBarcodeAppTests" */;
			buildPhases = (
				AD700DEF1ADDF92B0088C4E4 /* Sources */,
				AD700DF01ADDF92B0088C4E4 /* Frameworks */,
				AD700DF11ADDF92B0088C4E4 /* Resources */,
			);
			buildRules = (
			);
			dependencies = (
				AD700DF51ADDF92B0088C4E4 /* PBXTargetDependency */,
			);
			name = BluetoothBarcodeAppTests;
			productName = BluetoothBarcodeAppTests;
			productReference = AD700DF31ADDF92B0088C4E4 /* BluetoothBarcodeAppTests.xctest */;
			productType = "com.apple.product-type.bundle.unit-test";
		};
/* End PBXNativeTarget section */

/* Begin PBXProject section */
		AD700DCF1ADDF92B0088C4E4 /* Project object */ = {
			isa = PBXProject;
			attributes = {
				LastUpgradeCheck = 0630;
				ORGANIZATIONNAME = kccs;
				TargetAttributes = {
					AD700DD61ADDF92B0088C4E4 = {
						CreatedOnToolsVersion = 6.3;
					};
					AD700DF21ADDF92B0088C4E4 = {
						CreatedOnToolsVersion = 6.3;
						TestTargetID = AD700DD61ADDF92B0088C4E4;
					};
				};
			};
			buildConfigurationList = AD700DD21ADDF92B0088C4E4 /* Build configuration list for PBXProject "BluetoothBarcodeApp" */;
			compatibilityVersion = "Xcode 3.2";
			developmentRegion = English;
			hasScannedForEncodings = 0;
			knownRegions = (
				en,
				Base,
			);
			mainGroup = AD700DCE1ADDF92B0088C4E4;
			productRefGroup = AD700DD81ADDF92B0088C4E4 /* Products */;
			projectDirPath = "";
			projectRoot = "";
			targets = (
				AD700DD61ADDF92B0088C4E4 /* BluetoothBarcodeApp */,
				AD700DF21ADDF92B0088C4E4 /* BluetoothBarcodeAppTests */,
			);
		};
/* End PBXProject section */

/* Begin PBXResourcesBuildPhase section */
		AD700DD51ADDF92B0088C4E4 /* Resources */ = {
			isa = PBXResourcesBuildPhase;
			buildActionMask = 2147483647;
			files = (
				AD700DE91ADDF92B0088C4E4 /* Main.storyboard in Resources */,
				AD700DEE1ADDF92B0088C4E4 /* LaunchScreen.xib in Resources */,
				AD700DEB1ADDF92B0088C4E4 /* Images.xcassets in Resources */,
			);
			runOnlyForDeploymentPostprocessing = 0;
		};
		AD700DF11ADDF92B0088C4E4 /* Resources */ = {
			isa = PBXResourcesBuildPhase;
			buildActionMask = 2147483647;
			files = (
			);
			runOnlyForDeploymentPostprocessing = 0;
		};
/* End PBXResourcesBuildPhase section */

/* Begin PBXSourcesBuildPhase section */
		AD700DD31ADDF92B0088C4E4 /* Sources */ = {
			isa = PBXSourcesBuildPhase;
			buildActionMask = 2147483647;
			files = (
				AD700E3C1ADE2FF30088C4E4 /* DetailViewController.m in Sources */,
				AD700DE61ADDF92B0088C4E4 /* SecondViewController.m in Sources */,
				AD700DE01ADDF92B0088C4E4 /* AppDelegate.m in Sources */,
				AD950A8E1ADE8832000E7F06 /* FMDatabase.m in Sources */,
				AD950A901ADE8832000E7F06 /* FMDatabasePool.m in Sources */,
				AD950A911ADE8832000E7F06 /* FMDatabaseQueue.m in Sources */,
				AD6E89C61AE12A49003623AF /* InputComponent.m in Sources */,
				AD700DE31ADDF92B0088C4E4 /* FirstViewController.m in Sources */,
				AD700E3D1ADE2FF30088C4E4 /* MasterViewController.m in Sources */,
				AD950A921ADE8832000E7F06 /* FMResultSet.m in Sources */,
				AD700DDD1ADDF92B0088C4E4 /* main.m in Sources */,
				AD950A8F1ADE8832000E7F06 /* FMDatabaseAdditions.m in Sources */,
			);
			runOnlyForDeploymentPostprocessing = 0;
		};
		AD700DEF1ADDF92B0088C4E4 /* Sources */ = {
			isa = PBXSourcesBuildPhase;
			buildActionMask = 2147483647;
			files = (
				AD700DFA1ADDF92B0088C4E4 /* BluetoothBarcodeAppTests.m in Sources */,
			);
			runOnlyForDeploymentPostprocessing = 0;
		};
/* End PBXSourcesBuildPhase section */

/* Begin PBXTargetDependency section */
		AD700DF51ADDF92B0088C4E4 /* PBXTargetDependency */ = {
			isa = PBXTargetDependency;
			target = AD700DD61ADDF92B0088C4E4 /* BluetoothBarcodeApp */;
			targetProxy = AD700DF41ADDF92B0088C4E4 /* PBXContainerItemProxy */;
		};
/* End PBXTargetDependency section */

/* Begin PBXVariantGroup section */
		AD700DE71ADDF92B0088C4E4 /* Main.storyboard */ = {
			isa = PBXVariantGroup;
			children = (
				AD700DE81ADDF92B0088C4E4 /* Base */,
			);
			name = Main.storyboard;
			sourceTree = "<group>";
		};
		AD700DEC1ADDF92B0088C4E4 /* LaunchScreen.xib */ = {
			isa = PBXVariantGroup;
			children = (
				AD700DED1ADDF92B0088C4E4 /* Base */,
			);
			name = LaunchScreen.xib;
			sourceTree = "<group>";
		};
/* End PBXVariantGroup section */

/* Begin XCBuildConfiguration section */
		AD700DFB1ADDF92B0088C4E4 /* Debug */ = {
			isa = XCBuildConfiguration;
			buildSettings = {
				ALWAYS_SEARCH_USER_PATHS = NO;
				CLANG_CXX_LANGUAGE_STANDARD = "gnu++0x";
				CLANG_CXX_LIBRARY = "libc++";
				CLANG_ENABLE_MODULES = YES;
				CLANG_ENABLE_OBJC_ARC = YES;
				CLANG_WARN_BOOL_CONVERSION = YES;
				CLANG_WARN_CONSTANT_CONVERSION = YES;
				CLANG_WARN_DIRECT_OBJC_ISA_USAGE = YES_ERROR;
				CLANG_WARN_EMPTY_BODY = YES;
				CLANG_WARN_ENUM_CONVERSION = YES;
				CLANG_WARN_INT_CONVERSION = YES;
				CLANG_WARN_OBJC_ROOT_CLASS = YES_ERROR;
				CLANG_WARN_UNREACHABLE_CODE = YES;
				CLANG_WARN__DUPLICATE_METHOD_MATCH = YES;
				"CODE_SIGN_IDENTITY[sdk=iphoneos*]" = "iPhone Developer";
				COPY_PHASE_STRIP = NO;
				DEBUG_INFORMATION_FORMAT = "dwarf-with-dsym";
				ENABLE_STRICT_OBJC_MSGSEND = YES;
				GCC_C_LANGUAGE_STANDARD = gnu99;
				GCC_DYNAMIC_NO_PIC = NO;
				GCC_NO_COMMON_BLOCKS = YES;
				GCC_OPTIMIZATION_LEVEL = 0;
				GCC_PREPROCESSOR_DEFINITIONS = (
					"DEBUG=1",
					"$(inherited)",
				);
				GCC_SYMBOLS_PRIVATE_EXTERN = NO;
				GCC_WARN_64_TO_32_BIT_CONVERSION = YES;
				GCC_WARN_ABOUT_RETURN_TYPE = YES_ERROR;
				GCC_WARN_UNDECLARED_SELECTOR = YES;
				GCC_WARN_UNINITIALIZED_AUTOS = YES_AGGRESSIVE;
				GCC_WARN_UNUSED_FUNCTION = YES;
				GCC_WARN_UNUSED_VARIABLE = YES;
				IPHONEOS_DEPLOYMENT_TARGET = 8.3;
				MTL_ENABLE_DEBUG_INFO = YES;
				ONLY_ACTIVE_ARCH = YES;
				SDKROOT = iphoneos;
			};
			name = Debug;
		};
		AD700DFC1ADDF92B0088C4E4 /* Release */ = {
			isa = XCBuildConfiguration;
			buildSettings = {
				ALWAYS_SEARCH_USER_PATHS = NO;
				CLANG_CXX_LANGUAGE_STANDARD = "gnu++0x";
				CLANG_CXX_LIBRARY = "libc++";
				CLANG_ENABLE_MODULES = YES;
				CLANG_ENABLE_OBJC_ARC = YES;
				CLANG_WARN_BOOL_CONVERSION = YES;
				CLANG_WARN_CONSTANT_CONVERSION = YES;
				CLANG_WARN_DIRECT_OBJC_ISA_USAGE = YES_ERROR;
				CLANG_WARN_EMPTY_BODY = YES;
				CLANG_WARN_ENUM_CONVERSION = YES;
				CLANG_WARN_INT_CONVERSION = YES;
				CLANG_WARN_OBJC_ROOT_CLASS = YES_ERROR;
				CLANG_WARN_UNREACHABLE_CODE = YES;
				CLANG_WARN__DUPLICATE_METHOD_MATCH = YES;
				"CODE_SIGN_IDENTITY[sdk=iphoneos*]" = "iPhone Developer";
				COPY_PHASE_STRIP = NO;
				DEBUG_INFORMATION_FORMAT = "dwarf-with-dsym";
				ENABLE_NS_ASSERTIONS = NO;
				ENABLE_STRICT_OBJC_MSGSEND = YES;
				GCC_C_LANGUAGE_STANDARD = gnu99;
				GCC_NO_COMMON_BLOCKS = YES;
				GCC_WARN_64_TO_32_BIT_CONVERSION = YES;
				GCC_WARN_ABOUT_RETURN_TYPE = YES_ERROR;
				GCC_WARN_UNDECLARED_SELECTOR = YES;
				GCC_WARN_UNINITIALIZED_AUTOS = YES_AGGRESSIVE;
				GCC_WARN_UNUSED_FUNCTION = YES;
				GCC_WARN_UNUSED_VARIABLE = YES;
				IPHONEOS_DEPLOYMENT_TARGET = 8.3;
				MTL_ENABLE_DEBUG_INFO = NO;
				SDKROOT = iphoneos;
				VALIDATE_PRODUCT = YES;
			};
			name = Release;
		};
		AD700DFE1ADDF92B0088C4E4 /* Debug */ = {
			isa = XCBuildConfiguration;
			buildSettings = {
				ASSETCATALOG_COMPILER_APPICON_NAME = AppIcon;
				INFOPLIST_FILE = BluetoothBarcodeApp/Info.plist;
				LD_RUNPATH_SEARCH_PATHS = "$(inherited) @executable_path/Frameworks";
				PRODUCT_NAME = "$(TARGET_NAME)";
				TARGETED_DEVICE_FAMILY = 2;
			};
			name = Debug;
		};
		AD700DFF1ADDF92B0088C4E4 /* Release */ = {
			isa = XCBuildConfiguration;
			buildSettings = {
				ASSETCATALOG_COMPILER_APPICON_NAME = AppIcon;
				INFOPLIST_FILE = BluetoothBarcodeApp/Info.plist;
				LD_RUNPATH_SEARCH_PATHS = "$(inherited) @executable_path/Frameworks";
				PRODUCT_NAME = "$(TARGET_NAME)";
				TARGETED_DEVICE_FAMILY = 2;
			};
			name = Release;
		};
		AD700E011ADDF92B0088C4E4 /* Debug */ = {
			isa = XCBuildConfiguration;
			buildSettings = {
				BUNDLE_LOADER = "$(TEST_HOST)";
				FRAMEWORK_SEARCH_PATHS = (
					"$(SDKROOT)/Developer/Library/Frameworks",
					"$(inherited)",
				);
				GCC_PREPROCESSOR_DEFINITIONS = (
					"DEBUG=1",
					"$(inherited)",
				);
				INFOPLIST_FILE = BluetoothBarcodeAppTests/Info.plist;
				LD_RUNPATH_SEARCH_PATHS = "$(inherited) @executable_path/Frameworks @loader_path/Frameworks";
				PRODUCT_NAME = "$(TARGET_NAME)";
				TEST_HOST = "$(BUILT_PRODUCTS_DIR)/BluetoothBarcodeApp.app/BluetoothBarcodeApp";
			};
			name = Debug;
		};
		AD700E021ADDF92B0088C4E4 /* Release */ = {
			isa = XCBuildConfiguration;
			buildSettings = {
				BUNDLE_LOADER = "$(TEST_HOST)";
				FRAMEWORK_SEARCH_PATHS = (
					"$(SDKROOT)/Developer/Library/Frameworks",
					"$(inherited)",
				);
				INFOPLIST_FILE = BluetoothBarcodeAppTests/Info.plist;
				LD_RUNPATH_SEARCH_PATHS = "$(inherited) @executable_path/Frameworks @loader_path/Frameworks";
				PRODUCT_NAME = "$(TARGET_NAME)";
				TEST_HOST = "$(BUILT_PRODUCTS_DIR)/BluetoothBarcodeApp.app/BluetoothBarcodeApp";
			};
			name = Release;
		};
/* End XCBuildConfiguration section */

/* Begin XCConfigurationList section */
		AD700DD21ADDF92B0088C4E4 /* Build configuration list for PBXProject "BluetoothBarcodeApp" */ = {
			isa = XCConfigurationList;
			buildConfigurations = (
				AD700DFB1ADDF92B0088C4E4 /* Debug */,
				AD700DFC1ADDF92B0088C4E4 /* Release */,
			);
			defaultConfigurationIsVisible = 0;
			defaultConfigurationName = Release;
		};
		AD700DFD1ADDF92B0088C4E4 /* Build configuration list for PBXNativeTarget "BluetoothBarcodeApp" */ = {
			isa = XCConfigurationList;
			buildConfigurations = (
				AD700DFE1ADDF92B0088C4E4 /* Debug */,
				AD700DFF1ADDF92B0088C4E4 /* Release */,
			);
			defaultConfigurationIsVisible = 0;
			defaultConfigurationName = Release;
		};
		AD700E001ADDF92B0088C4E4 /* Build configuration list for PBXNativeTarget "BluetoothBarcodeAppTests" */ = {
			isa = XCConfigurationList;
			buildConfigurations = (
				AD700E011ADDF92B0088C4E4 /* Debug */,
				AD700E021ADDF92B0088C4E4 /* Release */,
			);
			defaultConfigurationIsVisible = 0;
			defaultConfigurationName = Release;
		};
/* End XCConfigurationList section */
	};
	rootObject = AD700DCF1ADDF92B0088C4E4 /* Project object */;
}
